<?xml version="1.0" encoding="utf-8"?>
<Project ToolsVersion="18.0" xmlns="http://schemas.microsoft.com/developer/msbuild/2003">
  <ItemGroup>
    <ClCompile Include="D:\AurigaGlobal\LiveWork\AurigaGlobal\SRC\Tools\IXAC\AH_AntiTamper.cpp">
      <Filter>Source Files</Filter>
    </ClCompile>
    <ClCompile Include="D:\AurigaGlobal\LiveWork\AurigaGlobal\SRC\Tools\IXAC\AH_Core.cpp">
      <Filter>Source Files</Filter>
    </ClCompile>
    <ClCompile Include="D:\AurigaGlobal\LiveWork\AurigaGlobal\SRC\Tools\IXAC\AH_DiagnosticSignerDump.cpp">
      <Filter>Source Files</Filter>
    </ClCompile>
    <ClCompile Include="D:\AurigaGlobal\LiveWork\AurigaGlobal\SRC\Tools\IXAC\AH_ExceptionGuard.cpp">
      <Filter>Source Files</Filter>
    </ClCompile>
    <ClCompile Include="D:\AurigaGlobal\LiveWork\AurigaGlobal\SRC\Tools\IXAC\AH_Guard.cpp">
      <Filter>Source Files</Filter>
    </ClCompile>
    <ClCompile Include="D:\AurigaGlobal\LiveWork\AurigaGlobal\SRC\Tools\IXAC\AH_HandleScanner.cpp">
      <Filter>Source Files</Filter>
    </ClCompile>
    <ClCompile Include="D:\AurigaGlobal\LiveWork\AurigaGlobal\SRC\Tools\IXAC\AH_InMemoryPEGuard.cpp">
      <Filter>Source Files</Filter>
    </ClCompile>
    <ClCompile Include="D:\AurigaGlobal\LiveWork\AurigaGlobal\SRC\Tools\IXAC\AH_NoImageTargetingGuard.cpp">
      <Filter>Source Files</Filter>
    </ClCompile>
    <ClCompile Include="D:\AurigaGlobal\LiveWork\AurigaGlobal\SRC\Tools\IXAC\AH_PackerGuard.cpp">
      <Filter>Source Files</Filter>
    </ClCompile>
    <ClCompile Include="D:\AurigaGlobal\LiveWork\AurigaGlobal\SRC\Tools\IXAC\AH_ProcessBlacklist.cpp">
      <Filter>Source Files</Filter>
    </ClCompile>
    <ClCompile Include="D:\AurigaGlobal\LiveWork\AurigaGlobal\SRC\Tools\IXAC\AH_RwxScanner.cpp">
      <Filter>Source Files</Filter>
    </ClCompile>
    <ClCompile Include="D:\AurigaGlobal\LiveWork\AurigaGlobal\SRC\Tools\IXAC\AH_SignerGuard.cpp">
      <Filter>Source Files</Filter>
    </ClCompile>
    <ClCompile Include="D:\AurigaGlobal\LiveWork\AurigaGlobal\SRC\Tools\IXAC\AH_SyscallScanner.cpp">
      <Filter>Source Files</Filter>
    </ClCompile>
    <ClCompile Include="D:\AurigaGlobal\LiveWork\AurigaGlobal\SRC\Tools\IXAC\AH_TextGuard.cpp">
      <Filter>Source Files</Filter>
    </ClCompile>
    <ClCompile Include="D:\AurigaGlobal\LiveWork\AurigaGlobal\SRC\Tools\IXAC\AH_ThreadHijackGuard.cpp">
      <Filter>Source Files</Filter>
    </ClCompile>
    <ClCompile Include="D:\AurigaGlobal\LiveWork\AurigaGlobal\SRC\Tools\IXAC\AH_ThreadScanner.cpp">
      <Filter>Source Files</Filter>
    </ClCompile>
    <ClCompile Include="D:\AurigaGlobal\LiveWork\AurigaGlobal\SRC\Tools\IXAC\AH_Util.cpp">
      <Filter>Source Files</Filter>
    </ClCompile>
    <ClCompile Include="D:\AurigaGlobal\LiveWork\AurigaGlobal\SRC\Tools\IXAC\Export.cpp">
      <Filter>Source Files</Filter>
    </ClCompile>
    <ClCompile Include="D:\AurigaGlobal\LiveWork\AurigaGlobal\SRC\Tools\IXAC\HWID\CCpuId.cpp">
      <Filter>Source Files</Filter>
    </ClCompile>
    <ClCompile Include="D:\AurigaGlobal\LiveWork\AurigaGlobal\SRC\Tools\IXAC\HWID\CHddData.cpp">
      <Filter>Source Files</Filter>
    </ClCompile>
    <ClCompile Include="D:\AurigaGlobal\LiveWork\AurigaGlobal\SRC\Tools\IXAC\HWID\CHwidManager.cpp">
      <Filter>Source Files</Filter>
    </ClCompile>
    <ClCompile Include="D:\AurigaGlobal\LiveWork\AurigaGlobal\SRC\Tools\IXAC\HWID\CMacAddr.cpp">
      <Filter>Source Files</Filter>
    </ClCompile>
    <ClCompile Include="D:\AurigaGlobal\LiveWork\AurigaGlobal\SRC\Tools\IXAC\HWID\CMachineGuid.cpp">
      <Filter>Source Files</Filter>
    </ClCompile>
    <ClCompile Include="D:\AurigaGlobal\LiveWork\AurigaGlobal\SRC\Tools\IXAC\HWID\CNetworkAdapter.cpp">
      <Filter>Source Files</Filter>
    </ClCompile>
    <ClCompile Include="D:\AurigaGlobal\LiveWork\AurigaGlobal\SRC\Tools\IXAC\IXAC_Integrity.cpp">
      <Filter>Source Files</Filter>
    </ClCompile>
    <ClCompile Include="D:\AurigaGlobal\LiveWork\AurigaGlobal\SRC\Tools\IXAC\IXAC_Net.cpp">
      <Filter>Source Files</Filter>
    </ClCompile>
    <ClCompile Include="D:\AurigaGlobal\LiveWork\AurigaGlobal\SRC\Tools\IXAC\IXAC_SuspiciousModuleHeuristics.cpp">
      <Filter>Source Files</Filter>
    </ClCompile>
    <ClCompile Include="D:\AurigaGlobal\LiveWork\AurigaGlobal\SRC\Tools\IXAC\SelfUpdate.cpp">
      <Filter>Source Files</Filter>
    </ClCompile>
    <ClCompile Include="D:\AurigaGlobal\LiveWork\AurigaGlobal\SRC\Tools\IXAC\UpdatePopup.cpp">
      <Filter>Source Files</Filter>
    </ClCompile>
  </ItemGroup>
  <ItemGroup>
    <ClInclude Include="D:\AurigaGlobal\LiveWork\AurigaGlobal\SRC\Tools\IXAC\AH_AntiTamper.h">
      <Filter>Header Files</Filter>
    </ClInclude>
    <ClInclude Include="D:\AurigaGlobal\LiveWork\AurigaGlobal\SRC\Tools\IXAC\AH_Core.h">
      <Filter>Header Files</Filter>
    </ClInclude>
    <ClInclude Include="D:\AurigaGlobal\LiveWork\AurigaGlobal\SRC\Tools\IXAC\AH_DiagnosticSignerDump.h">
      <Filter>Header Files</Filter>
    </ClInclude>
    <ClInclude Include="D:\AurigaGlobal\LiveWork\AurigaGlobal\SRC\Tools\IXAC\AH_ExceptionGuard.h">
      <Filter>Header Files</Filter>
    </ClInclude>
    <ClInclude Include="D:\AurigaGlobal\LiveWork\AurigaGlobal\SRC\Tools\IXAC\AH_Guard.h">
      <Filter>Header Files</Filter>
    </ClInclude>
    <ClInclude Include="D:\AurigaGlobal\LiveWork\AurigaGlobal\SRC\Tools\IXAC\AH_HandleScanner.h">
      <Filter>Header Files</Filter>
    </ClInclude>
    <ClInclude Include="D:\AurigaGlobal\LiveWork\AurigaGlobal\SRC\Tools\IXAC\AH_InMemoryPEGuard.h">
      <Filter>Header Files</Filter>
    </ClInclude>
    <ClInclude Include="D:\AurigaGlobal\LiveWork\AurigaGlobal\SRC\Tools\IXAC\AH_NoImageTargetingGuard.h">
      <Filter>Header Files</Filter>
    </ClInclude>
    <ClInclude Include="D:\AurigaGlobal\LiveWork\AurigaGlobal\SRC\Tools\IXAC\AH_PackerGuard.h">
      <Filter>Header Files</Filter>
    </ClInclude>
    <ClInclude Include="D:\AurigaGlobal\LiveWork\AurigaGlobal\SRC\Tools\IXAC\AH_ProcessBlacklist.h">
      <Filter>Header Files</Filter>
    </ClInclude>
    <ClInclude Include="D:\AurigaGlobal\LiveWork\AurigaGlobal\SRC\Tools\IXAC\AH_RwxScanner.h">
      <Filter>Header Files</Filter>
    </ClInclude>
    <ClInclude Include="D:\AurigaGlobal\LiveWork\AurigaGlobal\SRC\Tools\IXAC\AH_SignerGuard.h">
      <Filter>Header Files</Filter>
    </ClInclude>
    <ClInclude Include="D:\AurigaGlobal\LiveWork\AurigaGlobal\SRC\Tools\IXAC\AH_SyscallScanner.h">
      <Filter>Header Files</Filter>
    </ClInclude>
    <ClInclude Include="D:\AurigaGlobal\LiveWork\AurigaGlobal\SRC\Tools\IXAC\AH_TextGuard.h">
      <Filter>Header Files</Filter>
    </ClInclude>
    <ClInclude Include="D:\AurigaGlobal\LiveWork\AurigaGlobal\SRC\Tools\IXAC\AH_ThreadHijackGuard.h">
      <Filter>Header Files</Filter>
    </ClInclude>
    <ClInclude Include="D:\AurigaGlobal\LiveWork\AurigaGlobal\SRC\Tools\IXAC\AH_ThreadScanner.h">
      <Filter>Header Files</Filter>
    </ClInclude>
    <ClInclude Include="D:\AurigaGlobal\LiveWork\AurigaGlobal\SRC\Tools\IXAC\AH_Util.h">
      <Filter>Header Files</Filter>
    </ClInclude>
    <ClInclude Include="D:\AurigaGlobal\LiveWork\AurigaGlobal\SRC\Tools\IXAC\BuildInfo.h">
      <Filter>Header Files</Filter>
    </ClInclude>
    <ClInclude Include="D:\AurigaGlobal\LiveWork\AurigaGlobal\SRC\Tools\IXAC\HWID\CCpuId.h">
      <Filter>Header Files</Filter>
    </ClInclude>
    <ClInclude Include="D:\AurigaGlobal\LiveWork\AurigaGlobal\SRC\Tools\IXAC\HWID\CHddData.h">
      <Filter>Header Files</Filter>
    </ClInclude>
    <ClInclude Include="D:\AurigaGlobal\LiveWork\AurigaGlobal\SRC\Tools\IXAC\HWID\CHwidManager.h">
      <Filter>Header Files</Filter>
    </ClInclude>
    <ClInclude Include="D:\AurigaGlobal\LiveWork\AurigaGlobal\SRC\Tools\IXAC\HWID\CMacAddr.h">
      <Filter>Header Files</Filter>
    </ClInclude>
    <ClInclude Include="D:\AurigaGlobal\LiveWork\AurigaGlobal\SRC\Tools\IXAC\HWID\CMachineGuid.h">
      <Filter>Header Files</Filter>
    </ClInclude>
    <ClInclude Include="D:\AurigaGlobal\LiveWork\AurigaGlobal\SRC\Tools\IXAC\HWID\CNetworkAdapter.h">
      <Filter>Header Files</Filter>
    </ClInclude>
    <ClInclude Include="D:\AurigaGlobal\LiveWork\AurigaGlobal\SRC\Tools\IXAC\IXAC_Net.h">
      <Filter>Header Files</Filter>
    </ClInclude>
    <ClInclude Include="D:\AurigaGlobal\LiveWork\AurigaGlobal\SRC\Tools\IXAC\IXAC_SuspiciousModuleHeuristics.h">
      <Filter>Header Files</Filter>
    </ClInclude>
    <ClInclude Include="D:\AurigaGlobal\LiveWork\AurigaGlobal\SRC\Tools\IXAC\SelfUpdate.h">
      <Filter>Header Files</Filter>
    </ClInclude>
    <ClInclude Include="D:\AurigaGlobal\LiveWork\AurigaGlobal\SRC\Tools\IXAC\UpdatePopup.h">
      <Filter>Header Files</Filter>
    </ClInclude>
    <ClInclude Include="D:\AurigaGlobal\LiveWork\AurigaGlobal\SRC\Tools\IXAC\resource.h">
      <Filter>Header Files</Filter>
    </ClInclude>
  </ItemGroup>
  <ItemGroup>
    <CustomBuild Include="D:\AurigaGlobal\LiveWork\AurigaGlobal\SRC\Tools\IXAC\CMakeLists.txt" />
  </ItemGroup>
  <ItemGroup>
    <ResourceCompile Include="D:\AurigaGlobal\LiveWork\AurigaGlobal\SRC\Tools\IXAC\IXAC_Resource.rc">
      <Filter>Source Files</Filter>
    </ResourceCompile>
  </ItemGroup>
  <ItemGroup>
    <Filter Include="Header Files">
      <UniqueIdentifier>{997E584A-6252-3F29-A1E1-D2CEBBC39C40}</UniqueIdentifier>
    </Filter>
    <Filter Include="Source Files">
      <UniqueIdentifier>{7C47B037-CBF3-320C-941D-71B3AFA5D9B8}</UniqueIdentifier>
    </Filter>
  </ItemGroup>
</Project>
