<?xml version="1.0" encoding="utf-8"?>
<Project ToolsVersion="18.0" xmlns="http://schemas.microsoft.com/developer/msbuild/2003">
  <ItemGroup>
    <ClCompile Include="D:\AurigaGlobal\LiveWork\AurigaGlobal\SRC\Tools\Mysql2Proto\Mysql2Proto\Mysql2Proto.cpp">
      <Filter>Source Files</Filter>
    </ClCompile>
  </ItemGroup>
  <ItemGroup>
    <ClInclude Include="D:\AurigaGlobal\LiveWork\AurigaGlobal\SRC\Tools\Mysql2Proto\Mysql2Proto\Mysql2Proto.h">
      <Filter>Header Files</Filter>
    </ClInclude>
    <ClInclude Include="D:\AurigaGlobal\LiveWork\AurigaGlobal\SRC\Tools\Mysql2Proto\Mysql2Proto\MysqlWrapper.h">
      <Filter>Header Files</Filter>
    </ClInclude>
    <ClInclude Include="D:\AurigaGlobal\LiveWork\AurigaGlobal\SRC\Tools\Mysql2Proto\Mysql2Proto\OptionParser\OptionParser.h">
      <Filter>Header Files</Filter>
    </ClInclude>
    <ClInclude Include="D:\AurigaGlobal\LiveWork\AurigaGlobal\SRC\Tools\Mysql2Proto\Mysql2Proto\resource.h">
      <Filter>Header Files</Filter>
    </ClInclude>
    <ClInclude Include="D:\AurigaGlobal\LiveWork\AurigaGlobal\SRC\Tools\Mysql2Proto\Mysql2Proto\utils.h">
      <Filter>Header Files</Filter>
    </ClInclude>
  </ItemGroup>
  <ItemGroup>
    <CustomBuild Include="D:\AurigaGlobal\LiveWork\AurigaGlobal\SRC\Tools\Mysql2Proto\Mysql2Proto\CMakeLists.txt" />
  </ItemGroup>
  <ItemGroup>
    <Filter Include="Header Files">
      <UniqueIdentifier>{997E584A-6252-3F29-A1E1-D2CEBBC39C40}</UniqueIdentifier>
    </Filter>
    <Filter Include="Source Files">
      <UniqueIdentifier>{7C47B037-CBF3-320C-941D-71B3AFA5D9B8}</UniqueIdentifier>
    </Filter>
  </ItemGroup>
</Project>
