<?xml version="1.0" encoding="utf-8"?>
<Project ToolsVersion="18.0" xmlns="http://schemas.microsoft.com/developer/msbuild/2003">
  <ItemGroup>
    <ClCompile Include="D:\AurigaGlobal\LiveWork\AurigaGlobal\SRC\Server\Database\Cache.cpp" />
    <ClCompile Include="D:\AurigaGlobal\LiveWork\AurigaGlobal\SRC\Server\Database\ClientManager.cpp" />
    <ClCompile Include="D:\AurigaGlobal\LiveWork\AurigaGlobal\SRC\Server\Database\ClientManagerBoot.cpp" />
    <ClCompile Include="D:\AurigaGlobal\LiveWork\AurigaGlobal\SRC\Server\Database\ClientManagerEventFlag.cpp" />
    <ClCompile Include="D:\AurigaGlobal\LiveWork\AurigaGlobal\SRC\Server\Database\ClientManagerGuild.cpp" />
    <ClCompile Include="D:\AurigaGlobal\LiveWork\AurigaGlobal\SRC\Server\Database\ClientManagerHorseName.cpp" />
    <ClCompile Include="D:\AurigaGlobal\LiveWork\AurigaGlobal\SRC\Server\Database\ClientManagerLogin.cpp" />
    <ClCompile Include="D:\AurigaGlobal\LiveWork\AurigaGlobal\SRC\Server\Database\ClientManagerOfflineshop.cpp" />
    <ClCompile Include="D:\AurigaGlobal\LiveWork\AurigaGlobal\SRC\Server\Database\ClientManagerParty.cpp" />
    <ClCompile Include="D:\AurigaGlobal\LiveWork\AurigaGlobal\SRC\Server\Database\ClientManagerPlayer.cpp" />
    <ClCompile Include="D:\AurigaGlobal\LiveWork\AurigaGlobal\SRC\Server\Database\Config.cpp" />
    <ClCompile Include="D:\AurigaGlobal\LiveWork\AurigaGlobal\SRC\Server\Database\CsvReader.cpp" />
    <ClCompile Include="D:\AurigaGlobal\LiveWork\AurigaGlobal\SRC\Server\Database\DBManager.cpp" />
    <ClCompile Include="D:\AurigaGlobal\LiveWork\AurigaGlobal\SRC\Server\Database\GuildManager.cpp" />
    <ClCompile Include="D:\AurigaGlobal\LiveWork\AurigaGlobal\SRC\Server\Database\ItemAwardManager.cpp" />
    <ClCompile Include="D:\AurigaGlobal\LiveWork\AurigaGlobal\SRC\Server\Database\ItemIDRangeManager.cpp" />
    <ClCompile Include="D:\AurigaGlobal\LiveWork\AurigaGlobal\SRC\Server\Database\Lock.cpp" />
    <ClCompile Include="D:\AurigaGlobal\LiveWork\AurigaGlobal\SRC\Server\Database\LoginData.cpp" />
    <ClCompile Include="D:\AurigaGlobal\LiveWork\AurigaGlobal\SRC\Server\Database\Main.cpp" />
    <ClCompile Include="D:\AurigaGlobal\LiveWork\AurigaGlobal\SRC\Server\Database\Marriage.cpp" />
    <ClCompile Include="D:\AurigaGlobal\LiveWork\AurigaGlobal\SRC\Server\Database\MoneyLog.cpp" />
    <ClCompile Include="D:\AurigaGlobal\LiveWork\AurigaGlobal\SRC\Server\Database\NetBase.cpp" />
    <ClCompile Include="D:\AurigaGlobal\LiveWork\AurigaGlobal\SRC\Server\Database\OfflineshopCache.cpp" />
    <ClCompile Include="D:\AurigaGlobal\LiveWork\AurigaGlobal\SRC\Server\Database\Peer.cpp" />
    <ClCompile Include="D:\AurigaGlobal\LiveWork\AurigaGlobal\SRC\Server\Database\PeerBase.cpp" />
    <ClCompile Include="D:\AurigaGlobal\LiveWork\AurigaGlobal\SRC\Server\Database\PrivManager.cpp" />
    <ClCompile Include="D:\AurigaGlobal\LiveWork\AurigaGlobal\SRC\Server\Database\ProtoReader.cpp" />
    <ClCompile Include="D:\AurigaGlobal\LiveWork\AurigaGlobal\SRC\Server\Database\buffer_manager.cpp" />
    <ClCompile Include="D:\AurigaGlobal\LiveWork\AurigaGlobal\SRC\Server\Database\grid.cpp" />
    <ClCompile Include="D:\AurigaGlobal\LiveWork\AurigaGlobal\SRC\Server\Database\version.cpp" />
  </ItemGroup>
  <ItemGroup>
    <ClInclude Include="D:\AurigaGlobal\LiveWork\AurigaGlobal\SRC\Server\Database\Cache.h" />
    <ClInclude Include="D:\AurigaGlobal\LiveWork\AurigaGlobal\SRC\Server\Database\ClientManager.h" />
    <ClInclude Include="D:\AurigaGlobal\LiveWork\AurigaGlobal\SRC\Server\Database\Config.h" />
    <ClInclude Include="D:\AurigaGlobal\LiveWork\AurigaGlobal\SRC\Server\Database\CsvReader.h" />
    <ClInclude Include="D:\AurigaGlobal\LiveWork\AurigaGlobal\SRC\Server\Database\DBManager.h" />
    <ClInclude Include="D:\AurigaGlobal\LiveWork\AurigaGlobal\SRC\Server\Database\GuildManager.h" />
    <ClInclude Include="D:\AurigaGlobal\LiveWork\AurigaGlobal\SRC\Server\Database\ItemAwardManager.h" />
    <ClInclude Include="D:\AurigaGlobal\LiveWork\AurigaGlobal\SRC\Server\Database\ItemIDRangeManager.h" />
    <ClInclude Include="D:\AurigaGlobal\LiveWork\AurigaGlobal\SRC\Server\Database\Lock.h" />
    <ClInclude Include="D:\AurigaGlobal\LiveWork\AurigaGlobal\SRC\Server\Database\LoginData.h" />
    <ClInclude Include="D:\AurigaGlobal\LiveWork\AurigaGlobal\SRC\Server\Database\Main.h" />
    <ClInclude Include="D:\AurigaGlobal\LiveWork\AurigaGlobal\SRC\Server\Database\Marriage.h" />
    <ClInclude Include="D:\AurigaGlobal\LiveWork\AurigaGlobal\SRC\Server\Database\MoneyLog.h" />
    <ClInclude Include="D:\AurigaGlobal\LiveWork\AurigaGlobal\SRC\Server\Database\NetBase.h" />
    <ClInclude Include="D:\AurigaGlobal\LiveWork\AurigaGlobal\SRC\Server\Database\OfflineshopCache.h" />
    <ClInclude Include="D:\AurigaGlobal\LiveWork\AurigaGlobal\SRC\Server\Database\Peer.h" />
    <ClInclude Include="D:\AurigaGlobal\LiveWork\AurigaGlobal\SRC\Server\Database\PeerBase.h" />
    <ClInclude Include="D:\AurigaGlobal\LiveWork\AurigaGlobal\SRC\Server\Database\PrivManager.h" />
    <ClInclude Include="D:\AurigaGlobal\LiveWork\AurigaGlobal\SRC\Server\Database\ProtoReader.h" />
    <ClInclude Include="D:\AurigaGlobal\LiveWork\AurigaGlobal\SRC\Server\Database\QID.h" />
    <ClInclude Include="D:\AurigaGlobal\LiveWork\AurigaGlobal\SRC\Server\Database\buffer_manager.h" />
    <ClInclude Include="D:\AurigaGlobal\LiveWork\AurigaGlobal\SRC\Server\Database\grid.h" />
    <ClInclude Include="D:\AurigaGlobal\LiveWork\AurigaGlobal\SRC\Server\Database\stdafx.h" />
  </ItemGroup>
  <ItemGroup>
    <CustomBuild Include="D:\AurigaGlobal\LiveWork\AurigaGlobal\SRC\Server\Database\CMakeLists.txt" />
  </ItemGroup>
  <ItemGroup>
  </ItemGroup>
</Project>
