<?xml version="1.0" encoding="utf-8"?>
<Project ToolsVersion="18.0" xmlns="http://schemas.microsoft.com/developer/msbuild/2003">
  <ItemGroup>
    <ClCompile Include="D:\AurigaGlobal\LiveWork\AurigaGlobal\SRC\Launcher\Render\AttributeData.cpp">
      <Filter>Source Files</Filter>
    </ClCompile>
    <ClCompile Include="D:\AurigaGlobal\LiveWork\AurigaGlobal\SRC\Launcher\Render\AttributeInstance.cpp">
      <Filter>Source Files</Filter>
    </ClCompile>
    <ClCompile Include="D:\AurigaGlobal\LiveWork\AurigaGlobal\SRC\Launcher\Render\BlockTexture.cpp">
      <Filter>Source Files</Filter>
    </ClCompile>
    <ClCompile Include="D:\AurigaGlobal\LiveWork\AurigaGlobal\SRC\Launcher\Render\CWikiRenderTarget.cpp">
      <Filter>Source Files</Filter>
    </ClCompile>
    <ClCompile Include="D:\AurigaGlobal\LiveWork\AurigaGlobal\SRC\Launcher\Render\CWikiRenderTargetManager.cpp">
      <Filter>Source Files</Filter>
    </ClCompile>
    <ClCompile Include="D:\AurigaGlobal\LiveWork\AurigaGlobal\SRC\Launcher\Render\Camera.cpp">
      <Filter>Source Files</Filter>
    </ClCompile>
    <ClCompile Include="D:\AurigaGlobal\LiveWork\AurigaGlobal\SRC\Launcher\Render\CollisionData.cpp">
      <Filter>Source Files</Filter>
    </ClCompile>
    <ClCompile Include="D:\AurigaGlobal\LiveWork\AurigaGlobal\SRC\Launcher\Render\ColorTransitionHelper.cpp">
      <Filter>Source Files</Filter>
    </ClCompile>
    <ClCompile Include="D:\AurigaGlobal\LiveWork\AurigaGlobal\SRC\Launcher\Render\CullingManager.cpp">
      <Filter>Source Files</Filter>
    </ClCompile>
    <ClCompile Include="D:\AurigaGlobal\LiveWork\AurigaGlobal\SRC\Launcher\Render\Decal.cpp">
      <Filter>Source Files</Filter>
    </ClCompile>
    <ClCompile Include="D:\AurigaGlobal\LiveWork\AurigaGlobal\SRC\Launcher\Render\DibBar.cpp">
      <Filter>Source Files</Filter>
    </ClCompile>
    <ClCompile Include="D:\AurigaGlobal\LiveWork\AurigaGlobal\SRC\Launcher\Render\EnvironmentMap.cpp">
      <Filter>Source Files</Filter>
    </ClCompile>
    <ClCompile Include="D:\AurigaGlobal\LiveWork\AurigaGlobal\SRC\Launcher\Render\FileLoaderThread.cpp">
      <Filter>Source Files</Filter>
    </ClCompile>
    <ClCompile Include="D:\AurigaGlobal\LiveWork\AurigaGlobal\SRC\Launcher\Render\GrpBase.cpp">
      <Filter>Source Files</Filter>
    </ClCompile>
    <ClCompile Include="D:\AurigaGlobal\LiveWork\AurigaGlobal\SRC\Launcher\Render\GrpCollisionObject.cpp">
      <Filter>Source Files</Filter>
    </ClCompile>
    <ClCompile Include="D:\AurigaGlobal\LiveWork\AurigaGlobal\SRC\Launcher\Render\GrpColor.cpp">
      <Filter>Source Files</Filter>
    </ClCompile>
    <ClCompile Include="D:\AurigaGlobal\LiveWork\AurigaGlobal\SRC\Launcher\Render\GrpColorInstance.cpp">
      <Filter>Source Files</Filter>
    </ClCompile>
    <ClCompile Include="D:\AurigaGlobal\LiveWork\AurigaGlobal\SRC\Launcher\Render\GrpD3DXBuffer.cpp">
      <Filter>Source Files</Filter>
    </ClCompile>
    <ClCompile Include="D:\AurigaGlobal\LiveWork\AurigaGlobal\SRC\Launcher\Render\GrpDIB.cpp">
      <Filter>Source Files</Filter>
    </ClCompile>
    <ClCompile Include="D:\AurigaGlobal\LiveWork\AurigaGlobal\SRC\Launcher\Render\GrpDevice.cpp">
      <Filter>Source Files</Filter>
    </ClCompile>
    <ClCompile Include="D:\AurigaGlobal\LiveWork\AurigaGlobal\SRC\Launcher\Render\GrpExpandedImageInstance.cpp">
      <Filter>Source Files</Filter>
    </ClCompile>
    <ClCompile Include="D:\AurigaGlobal\LiveWork\AurigaGlobal\SRC\Launcher\Render\GrpFontTexture.cpp">
      <Filter>Source Files</Filter>
    </ClCompile>
    <ClCompile Include="D:\AurigaGlobal\LiveWork\AurigaGlobal\SRC\Launcher\Render\GrpImage.cpp">
      <Filter>Source Files</Filter>
    </ClCompile>
    <ClCompile Include="D:\AurigaGlobal\LiveWork\AurigaGlobal\SRC\Launcher\Render\GrpImageInstance.cpp">
      <Filter>Source Files</Filter>
    </ClCompile>
    <ClCompile Include="D:\AurigaGlobal\LiveWork\AurigaGlobal\SRC\Launcher\Render\GrpImageTexture.cpp">
      <Filter>Source Files</Filter>
    </ClCompile>
    <ClCompile Include="D:\AurigaGlobal\LiveWork\AurigaGlobal\SRC\Launcher\Render\GrpIndexBuffer.cpp">
      <Filter>Source Files</Filter>
    </ClCompile>
    <ClCompile Include="D:\AurigaGlobal\LiveWork\AurigaGlobal\SRC\Launcher\Render\GrpLightManager.cpp">
      <Filter>Source Files</Filter>
    </ClCompile>
    <ClCompile Include="D:\AurigaGlobal\LiveWork\AurigaGlobal\SRC\Launcher\Render\GrpMarkInstance.cpp">
      <Filter>Source Files</Filter>
    </ClCompile>
    <ClCompile Include="D:\AurigaGlobal\LiveWork\AurigaGlobal\SRC\Launcher\Render\GrpMath.cpp">
      <Filter>Source Files</Filter>
    </ClCompile>
    <ClCompile Include="D:\AurigaGlobal\LiveWork\AurigaGlobal\SRC\Launcher\Render\GrpObjectInstance.cpp">
      <Filter>Source Files</Filter>
    </ClCompile>
    <ClCompile Include="D:\AurigaGlobal\LiveWork\AurigaGlobal\SRC\Launcher\Render\GrpPixelShader.cpp">
      <Filter>Source Files</Filter>
    </ClCompile>
    <ClCompile Include="D:\AurigaGlobal\LiveWork\AurigaGlobal\SRC\Launcher\Render\GrpRatioInstance.cpp">
      <Filter>Source Files</Filter>
    </ClCompile>
    <ClCompile Include="D:\AurigaGlobal\LiveWork\AurigaGlobal\SRC\Launcher\Render\GrpScreen.cpp">
      <Filter>Source Files</Filter>
    </ClCompile>
    <ClCompile Include="D:\AurigaGlobal\LiveWork\AurigaGlobal\SRC\Launcher\Render\GrpShadowTexture.cpp">
      <Filter>Source Files</Filter>
    </ClCompile>
    <ClCompile Include="D:\AurigaGlobal\LiveWork\AurigaGlobal\SRC\Launcher\Render\GrpSubImage.cpp">
      <Filter>Source Files</Filter>
    </ClCompile>
    <ClCompile Include="D:\AurigaGlobal\LiveWork\AurigaGlobal\SRC\Launcher\Render\GrpText.cpp">
      <Filter>Source Files</Filter>
    </ClCompile>
    <ClCompile Include="D:\AurigaGlobal\LiveWork\AurigaGlobal\SRC\Launcher\Render\GrpTextInstance.cpp">
      <Filter>Source Files</Filter>
    </ClCompile>
    <ClCompile Include="D:\AurigaGlobal\LiveWork\AurigaGlobal\SRC\Launcher\Render\GrpTexture.cpp">
      <Filter>Source Files</Filter>
    </ClCompile>
    <ClCompile Include="D:\AurigaGlobal\LiveWork\AurigaGlobal\SRC\Launcher\Render\GrpVertexBuffer.cpp">
      <Filter>Source Files</Filter>
    </ClCompile>
    <ClCompile Include="D:\AurigaGlobal\LiveWork\AurigaGlobal\SRC\Launcher\Render\GrpVertexBufferDynamic.cpp">
      <Filter>Source Files</Filter>
    </ClCompile>
    <ClCompile Include="D:\AurigaGlobal\LiveWork\AurigaGlobal\SRC\Launcher\Render\GrpVertexBufferStatic.cpp">
      <Filter>Source Files</Filter>
    </ClCompile>
    <ClCompile Include="D:\AurigaGlobal\LiveWork\AurigaGlobal\SRC\Launcher\Render\GrpVertexShader.cpp">
      <Filter>Source Files</Filter>
    </ClCompile>
    <ClCompile Include="D:\AurigaGlobal\LiveWork\AurigaGlobal\SRC\Launcher\Render\GrpWikiRenderTargetTexture.cpp">
      <Filter>Source Files</Filter>
    </ClCompile>
    <ClCompile Include="D:\AurigaGlobal\LiveWork\AurigaGlobal\SRC\Launcher\Render\IME.cpp">
      <Filter>Source Files</Filter>
    </ClCompile>
    <ClCompile Include="D:\AurigaGlobal\LiveWork\AurigaGlobal\SRC\Launcher\Render\Input.cpp">
      <Filter>Source Files</Filter>
    </ClCompile>
    <ClCompile Include="D:\AurigaGlobal\LiveWork\AurigaGlobal\SRC\Launcher\Render\LensFlare.cpp">
      <Filter>Source Files</Filter>
    </ClCompile>
    <ClCompile Include="D:\AurigaGlobal\LiveWork\AurigaGlobal\SRC\Launcher\Render\MSApplication.cpp">
      <Filter>Source Files</Filter>
    </ClCompile>
    <ClCompile Include="D:\AurigaGlobal\LiveWork\AurigaGlobal\SRC\Launcher\Render\MSWindow.cpp">
      <Filter>Source Files</Filter>
    </ClCompile>
    <ClCompile Include="D:\AurigaGlobal\LiveWork\AurigaGlobal\SRC\Launcher\Render\Mutex.cpp">
      <Filter>Source Files</Filter>
    </ClCompile>
    <ClCompile Include="D:\AurigaGlobal\LiveWork\AurigaGlobal\SRC\Launcher\Render\NetAddress.cpp">
      <Filter>Source Files</Filter>
    </ClCompile>
    <ClCompile Include="D:\AurigaGlobal\LiveWork\AurigaGlobal\SRC\Launcher\Render\NetDatagram.cpp">
      <Filter>Source Files</Filter>
    </ClCompile>
    <ClCompile Include="D:\AurigaGlobal\LiveWork\AurigaGlobal\SRC\Launcher\Render\NetDatagramReceiver.cpp">
      <Filter>Source Files</Filter>
    </ClCompile>
    <ClCompile Include="D:\AurigaGlobal\LiveWork\AurigaGlobal\SRC\Launcher\Render\NetDatagramSender.cpp">
      <Filter>Source Files</Filter>
    </ClCompile>
    <ClCompile Include="D:\AurigaGlobal\LiveWork\AurigaGlobal\SRC\Launcher\Render\NetDevice.cpp">
      <Filter>Source Files</Filter>
    </ClCompile>
    <ClCompile Include="D:\AurigaGlobal\LiveWork\AurigaGlobal\SRC\Launcher\Render\NetPacketHeaderMap.cpp">
      <Filter>Source Files</Filter>
    </ClCompile>
    <ClCompile Include="D:\AurigaGlobal\LiveWork\AurigaGlobal\SRC\Launcher\Render\NetStream.cpp">
      <Filter>Source Files</Filter>
    </ClCompile>
    <ClCompile Include="D:\AurigaGlobal\LiveWork\AurigaGlobal\SRC\Launcher\Render\PathStack.cpp">
      <Filter>Source Files</Filter>
    </ClCompile>
    <ClCompile Include="D:\AurigaGlobal\LiveWork\AurigaGlobal\SRC\Launcher\Render\ReferenceObject.cpp">
      <Filter>Source Files</Filter>
    </ClCompile>
    <ClCompile Include="D:\AurigaGlobal\LiveWork\AurigaGlobal\SRC\Launcher\Render\Resource.cpp">
      <Filter>Source Files</Filter>
    </ClCompile>
    <ClCompile Include="D:\AurigaGlobal\LiveWork\AurigaGlobal\SRC\Launcher\Render\ResourceManager.cpp">
      <Filter>Source Files</Filter>
    </ClCompile>
    <ClCompile Include="D:\AurigaGlobal\LiveWork\AurigaGlobal\SRC\Launcher\Render\ScreenFilter.cpp">
      <Filter>Source Files</Filter>
    </ClCompile>
    <ClCompile Include="D:\AurigaGlobal\LiveWork\AurigaGlobal\SRC\Launcher\Render\ScreenShotManager.cpp">
      <Filter>Source Files</Filter>
    </ClCompile>
    <ClCompile Include="D:\AurigaGlobal\LiveWork\AurigaGlobal\SRC\Launcher\Render\SkyBox.cpp">
      <Filter>Source Files</Filter>
    </ClCompile>
    <ClCompile Include="D:\AurigaGlobal\LiveWork\AurigaGlobal\SRC\Launcher\Render\StateManager.cpp">
      <Filter>Source Files</Filter>
    </ClCompile>
    <ClCompile Include="D:\AurigaGlobal\LiveWork\AurigaGlobal\SRC\Launcher\Render\StdAfx.cpp">
      <Filter>Source Files</Filter>
    </ClCompile>
    <ClCompile Include="D:\AurigaGlobal\LiveWork\AurigaGlobal\SRC\Launcher\Render\TargaResource.cpp">
      <Filter>Source Files</Filter>
    </ClCompile>
    <ClCompile Include="D:\AurigaGlobal\LiveWork\AurigaGlobal\SRC\Launcher\Render\TextBar.cpp">
      <Filter>Source Files</Filter>
    </ClCompile>
    <ClCompile Include="D:\AurigaGlobal\LiveWork\AurigaGlobal\SRC\Launcher\Render\TextFileLoader.cpp">
      <Filter>Source Files</Filter>
    </ClCompile>
    <ClCompile Include="D:\AurigaGlobal\LiveWork\AurigaGlobal\SRC\Launcher\Render\TextTag.cpp">
      <Filter>Source Files</Filter>
    </ClCompile>
    <ClCompile Include="D:\AurigaGlobal\LiveWork\AurigaGlobal\SRC\Launcher\Render\Thread.cpp">
      <Filter>Source Files</Filter>
    </ClCompile>
    <ClCompile Include="D:\AurigaGlobal\LiveWork\AurigaGlobal\SRC\Launcher\Render\Util.cpp">
      <Filter>Source Files</Filter>
    </ClCompile>
    <ClCompile Include="D:\AurigaGlobal\LiveWork\AurigaGlobal\SRC\Launcher\Render\lineintersect_utils.cpp">
      <Filter>Source Files</Filter>
    </ClCompile>
    <ClCompile Include="D:\AurigaGlobal\LiveWork\AurigaGlobal\SRC\Launcher\Render\parser.cpp">
      <Filter>Source Files</Filter>
    </ClCompile>
  </ItemGroup>
  <ItemGroup>
    <ClInclude Include="D:\AurigaGlobal\LiveWork\AurigaGlobal\SRC\Launcher\Render\AttributeData.h">
      <Filter>Header Files</Filter>
    </ClInclude>
    <ClInclude Include="D:\AurigaGlobal\LiveWork\AurigaGlobal\SRC\Launcher\Render\AttributeInstance.h">
      <Filter>Header Files</Filter>
    </ClInclude>
    <ClInclude Include="D:\AurigaGlobal\LiveWork\AurigaGlobal\SRC\Launcher\Render\BlockTexture.h">
      <Filter>Header Files</Filter>
    </ClInclude>
    <ClInclude Include="D:\AurigaGlobal\LiveWork\AurigaGlobal\SRC\Launcher\Render\CWikiRenderTarget.h">
      <Filter>Header Files</Filter>
    </ClInclude>
    <ClInclude Include="D:\AurigaGlobal\LiveWork\AurigaGlobal\SRC\Launcher\Render\CWikiRenderTargetManager.h">
      <Filter>Header Files</Filter>
    </ClInclude>
    <ClInclude Include="D:\AurigaGlobal\LiveWork\AurigaGlobal\SRC\Launcher\Render\Camera.h">
      <Filter>Header Files</Filter>
    </ClInclude>
    <ClInclude Include="D:\AurigaGlobal\LiveWork\AurigaGlobal\SRC\Launcher\Render\CollisionData.h">
      <Filter>Header Files</Filter>
    </ClInclude>
    <ClInclude Include="D:\AurigaGlobal\LiveWork\AurigaGlobal\SRC\Launcher\Render\ColorTransitionHelper.h">
      <Filter>Header Files</Filter>
    </ClInclude>
    <ClInclude Include="D:\AurigaGlobal\LiveWork\AurigaGlobal\SRC\Launcher\Render\CullingManager.h">
      <Filter>Header Files</Filter>
    </ClInclude>
    <ClInclude Include="D:\AurigaGlobal\LiveWork\AurigaGlobal\SRC\Launcher\Render\Decal.h">
      <Filter>Header Files</Filter>
    </ClInclude>
    <ClInclude Include="D:\AurigaGlobal\LiveWork\AurigaGlobal\SRC\Launcher\Render\DibBar.h">
      <Filter>Header Files</Filter>
    </ClInclude>
    <ClInclude Include="D:\AurigaGlobal\LiveWork\AurigaGlobal\SRC\Launcher\Render\EnvironmentMap.h">
      <Filter>Header Files</Filter>
    </ClInclude>
    <ClInclude Include="D:\AurigaGlobal\LiveWork\AurigaGlobal\SRC\Launcher\Render\Event.h">
      <Filter>Header Files</Filter>
    </ClInclude>
    <ClInclude Include="D:\AurigaGlobal\LiveWork\AurigaGlobal\SRC\Launcher\Render\FileLoaderThread.h">
      <Filter>Header Files</Filter>
    </ClInclude>
    <ClInclude Include="D:\AurigaGlobal\LiveWork\AurigaGlobal\SRC\Launcher\Render\FuncObject.h">
      <Filter>Header Files</Filter>
    </ClInclude>
    <ClInclude Include="D:\AurigaGlobal\LiveWork\AurigaGlobal\SRC\Launcher\Render\GrpBase.h">
      <Filter>Header Files</Filter>
    </ClInclude>
    <ClInclude Include="D:\AurigaGlobal\LiveWork\AurigaGlobal\SRC\Launcher\Render\GrpCollisionObject.h">
      <Filter>Header Files</Filter>
    </ClInclude>
    <ClInclude Include="D:\AurigaGlobal\LiveWork\AurigaGlobal\SRC\Launcher\Render\GrpColor.h">
      <Filter>Header Files</Filter>
    </ClInclude>
    <ClInclude Include="D:\AurigaGlobal\LiveWork\AurigaGlobal\SRC\Launcher\Render\GrpColorInstance.h">
      <Filter>Header Files</Filter>
    </ClInclude>
    <ClInclude Include="D:\AurigaGlobal\LiveWork\AurigaGlobal\SRC\Launcher\Render\GrpD3DXBuffer.h">
      <Filter>Header Files</Filter>
    </ClInclude>
    <ClInclude Include="D:\AurigaGlobal\LiveWork\AurigaGlobal\SRC\Launcher\Render\GrpDIB.h">
      <Filter>Header Files</Filter>
    </ClInclude>
    <ClInclude Include="D:\AurigaGlobal\LiveWork\AurigaGlobal\SRC\Launcher\Render\GrpDevice.h">
      <Filter>Header Files</Filter>
    </ClInclude>
    <ClInclude Include="D:\AurigaGlobal\LiveWork\AurigaGlobal\SRC\Launcher\Render\GrpExpandedImageInstance.h">
      <Filter>Header Files</Filter>
    </ClInclude>
    <ClInclude Include="D:\AurigaGlobal\LiveWork\AurigaGlobal\SRC\Launcher\Render\GrpFontTexture.h">
      <Filter>Header Files</Filter>
    </ClInclude>
    <ClInclude Include="D:\AurigaGlobal\LiveWork\AurigaGlobal\SRC\Launcher\Render\GrpImage.h">
      <Filter>Header Files</Filter>
    </ClInclude>
    <ClInclude Include="D:\AurigaGlobal\LiveWork\AurigaGlobal\SRC\Launcher\Render\GrpImageInstance.h">
      <Filter>Header Files</Filter>
    </ClInclude>
    <ClInclude Include="D:\AurigaGlobal\LiveWork\AurigaGlobal\SRC\Launcher\Render\GrpImageTexture.h">
      <Filter>Header Files</Filter>
    </ClInclude>
    <ClInclude Include="D:\AurigaGlobal\LiveWork\AurigaGlobal\SRC\Launcher\Render\GrpIndexBuffer.h">
      <Filter>Header Files</Filter>
    </ClInclude>
    <ClInclude Include="D:\AurigaGlobal\LiveWork\AurigaGlobal\SRC\Launcher\Render\GrpLightManager.h">
      <Filter>Header Files</Filter>
    </ClInclude>
    <ClInclude Include="D:\AurigaGlobal\LiveWork\AurigaGlobal\SRC\Launcher\Render\GrpMarkInstance.h">
      <Filter>Header Files</Filter>
    </ClInclude>
    <ClInclude Include="D:\AurigaGlobal\LiveWork\AurigaGlobal\SRC\Launcher\Render\GrpMath.h">
      <Filter>Header Files</Filter>
    </ClInclude>
    <ClInclude Include="D:\AurigaGlobal\LiveWork\AurigaGlobal\SRC\Launcher\Render\GrpObjectInstance.h">
      <Filter>Header Files</Filter>
    </ClInclude>
    <ClInclude Include="D:\AurigaGlobal\LiveWork\AurigaGlobal\SRC\Launcher\Render\GrpPixelShader.h">
      <Filter>Header Files</Filter>
    </ClInclude>
    <ClInclude Include="D:\AurigaGlobal\LiveWork\AurigaGlobal\SRC\Launcher\Render\GrpRatioInstance.h">
      <Filter>Header Files</Filter>
    </ClInclude>
    <ClInclude Include="D:\AurigaGlobal\LiveWork\AurigaGlobal\SRC\Launcher\Render\GrpScreen.h">
      <Filter>Header Files</Filter>
    </ClInclude>
    <ClInclude Include="D:\AurigaGlobal\LiveWork\AurigaGlobal\SRC\Launcher\Render\GrpShadowTexture.h">
      <Filter>Header Files</Filter>
    </ClInclude>
    <ClInclude Include="D:\AurigaGlobal\LiveWork\AurigaGlobal\SRC\Launcher\Render\GrpSubImage.h">
      <Filter>Header Files</Filter>
    </ClInclude>
    <ClInclude Include="D:\AurigaGlobal\LiveWork\AurigaGlobal\SRC\Launcher\Render\GrpText.h">
      <Filter>Header Files</Filter>
    </ClInclude>
    <ClInclude Include="D:\AurigaGlobal\LiveWork\AurigaGlobal\SRC\Launcher\Render\GrpTextInstance.h">
      <Filter>Header Files</Filter>
    </ClInclude>
    <ClInclude Include="D:\AurigaGlobal\LiveWork\AurigaGlobal\SRC\Launcher\Render\GrpTexture.h">
      <Filter>Header Files</Filter>
    </ClInclude>
    <ClInclude Include="D:\AurigaGlobal\LiveWork\AurigaGlobal\SRC\Launcher\Render\GrpVertexBuffer.h">
      <Filter>Header Files</Filter>
    </ClInclude>
    <ClInclude Include="D:\AurigaGlobal\LiveWork\AurigaGlobal\SRC\Launcher\Render\GrpVertexBufferDynamic.h">
      <Filter>Header Files</Filter>
    </ClInclude>
    <ClInclude Include="D:\AurigaGlobal\LiveWork\AurigaGlobal\SRC\Launcher\Render\GrpVertexBufferStatic.h">
      <Filter>Header Files</Filter>
    </ClInclude>
    <ClInclude Include="D:\AurigaGlobal\LiveWork\AurigaGlobal\SRC\Launcher\Render\GrpVertexShader.h">
      <Filter>Header Files</Filter>
    </ClInclude>
    <ClInclude Include="D:\AurigaGlobal\LiveWork\AurigaGlobal\SRC\Launcher\Render\GrpWikiRenderTargetTexture.h">
      <Filter>Header Files</Filter>
    </ClInclude>
    <ClInclude Include="D:\AurigaGlobal\LiveWork\AurigaGlobal\SRC\Launcher\Render\IME.h">
      <Filter>Header Files</Filter>
    </ClInclude>
    <ClInclude Include="D:\AurigaGlobal\LiveWork\AurigaGlobal\SRC\Launcher\Render\Input.h">
      <Filter>Header Files</Filter>
    </ClInclude>
    <ClInclude Include="D:\AurigaGlobal\LiveWork\AurigaGlobal\SRC\Launcher\Render\LensFlare.h">
      <Filter>Header Files</Filter>
    </ClInclude>
    <ClInclude Include="D:\AurigaGlobal\LiveWork\AurigaGlobal\SRC\Launcher\Render\MSApplication.h">
      <Filter>Header Files</Filter>
    </ClInclude>
    <ClInclude Include="D:\AurigaGlobal\LiveWork\AurigaGlobal\SRC\Launcher\Render\MSWindow.h">
      <Filter>Header Files</Filter>
    </ClInclude>
    <ClInclude Include="D:\AurigaGlobal\LiveWork\AurigaGlobal\SRC\Launcher\Render\Mutex.h">
      <Filter>Header Files</Filter>
    </ClInclude>
    <ClInclude Include="D:\AurigaGlobal\LiveWork\AurigaGlobal\SRC\Launcher\Render\NetAddress.h">
      <Filter>Header Files</Filter>
    </ClInclude>
    <ClInclude Include="D:\AurigaGlobal\LiveWork\AurigaGlobal\SRC\Launcher\Render\NetDatagram.h">
      <Filter>Header Files</Filter>
    </ClInclude>
    <ClInclude Include="D:\AurigaGlobal\LiveWork\AurigaGlobal\SRC\Launcher\Render\NetDatagramReceiver.h">
      <Filter>Header Files</Filter>
    </ClInclude>
    <ClInclude Include="D:\AurigaGlobal\LiveWork\AurigaGlobal\SRC\Launcher\Render\NetDatagramSender.h">
      <Filter>Header Files</Filter>
    </ClInclude>
    <ClInclude Include="D:\AurigaGlobal\LiveWork\AurigaGlobal\SRC\Launcher\Render\NetDevice.h">
      <Filter>Header Files</Filter>
    </ClInclude>
    <ClInclude Include="D:\AurigaGlobal\LiveWork\AurigaGlobal\SRC\Launcher\Render\NetPacketHeaderMap.h">
      <Filter>Header Files</Filter>
    </ClInclude>
    <ClInclude Include="D:\AurigaGlobal\LiveWork\AurigaGlobal\SRC\Launcher\Render\NetStream.h">
      <Filter>Header Files</Filter>
    </ClInclude>
    <ClInclude Include="D:\AurigaGlobal\LiveWork\AurigaGlobal\SRC\Launcher\Render\PathStack.h">
      <Filter>Header Files</Filter>
    </ClInclude>
    <ClInclude Include="D:\AurigaGlobal\LiveWork\AurigaGlobal\SRC\Launcher\Render\Pool.h">
      <Filter>Header Files</Filter>
    </ClInclude>
    <ClInclude Include="D:\AurigaGlobal\LiveWork\AurigaGlobal\SRC\Launcher\Render\Profiler.h">
      <Filter>Header Files</Filter>
    </ClInclude>
    <ClInclude Include="D:\AurigaGlobal\LiveWork\AurigaGlobal\SRC\Launcher\Render\Ray.h">
      <Filter>Header Files</Filter>
    </ClInclude>
    <ClInclude Include="D:\AurigaGlobal\LiveWork\AurigaGlobal\SRC\Launcher\Render\Ref.h">
      <Filter>Header Files</Filter>
    </ClInclude>
    <ClInclude Include="D:\AurigaGlobal\LiveWork\AurigaGlobal\SRC\Launcher\Render\ReferenceObject.h">
      <Filter>Header Files</Filter>
    </ClInclude>
    <ClInclude Include="D:\AurigaGlobal\LiveWork\AurigaGlobal\SRC\Launcher\Render\Resource.h">
      <Filter>Header Files</Filter>
    </ClInclude>
    <ClInclude Include="D:\AurigaGlobal\LiveWork\AurigaGlobal\SRC\Launcher\Render\ResourceManager.h">
      <Filter>Header Files</Filter>
    </ClInclude>
    <ClInclude Include="D:\AurigaGlobal\LiveWork\AurigaGlobal\SRC\Launcher\Render\ScreenFilter.h">
      <Filter>Header Files</Filter>
    </ClInclude>
    <ClInclude Include="D:\AurigaGlobal\LiveWork\AurigaGlobal\SRC\Launcher\Render\ScreenShotManager.h">
      <Filter>Header Files</Filter>
    </ClInclude>
    <ClInclude Include="D:\AurigaGlobal\LiveWork\AurigaGlobal\SRC\Launcher\Render\SkyBox.h">
      <Filter>Header Files</Filter>
    </ClInclude>
    <ClInclude Include="D:\AurigaGlobal\LiveWork\AurigaGlobal\SRC\Launcher\Render\StateManager.h">
      <Filter>Header Files</Filter>
    </ClInclude>
    <ClInclude Include="D:\AurigaGlobal\LiveWork\AurigaGlobal\SRC\Launcher\Render\StdAfx.h">
      <Filter>Header Files</Filter>
    </ClInclude>
    <ClInclude Include="D:\AurigaGlobal\LiveWork\AurigaGlobal\SRC\Launcher\Render\TargaResource.h">
      <Filter>Header Files</Filter>
    </ClInclude>
    <ClInclude Include="D:\AurigaGlobal\LiveWork\AurigaGlobal\SRC\Launcher\Render\TextBar.h">
      <Filter>Header Files</Filter>
    </ClInclude>
    <ClInclude Include="D:\AurigaGlobal\LiveWork\AurigaGlobal\SRC\Launcher\Render\TextFileLoader.h">
      <Filter>Header Files</Filter>
    </ClInclude>
    <ClInclude Include="D:\AurigaGlobal\LiveWork\AurigaGlobal\SRC\Launcher\Render\TextTag.h">
      <Filter>Header Files</Filter>
    </ClInclude>
    <ClInclude Include="D:\AurigaGlobal\LiveWork\AurigaGlobal\SRC\Launcher\Render\Thread.h">
      <Filter>Header Files</Filter>
    </ClInclude>
    <ClInclude Include="D:\AurigaGlobal\LiveWork\AurigaGlobal\SRC\Launcher\Render\Util.h">
      <Filter>Header Files</Filter>
    </ClInclude>
    <ClInclude Include="D:\AurigaGlobal\LiveWork\AurigaGlobal\SRC\Launcher\Render\lineintersect_utils.h">
      <Filter>Header Files</Filter>
    </ClInclude>
    <ClInclude Include="D:\AurigaGlobal\LiveWork\AurigaGlobal\SRC\Launcher\Render\parser.h">
      <Filter>Header Files</Filter>
    </ClInclude>
  </ItemGroup>
  <ItemGroup>
    <CustomBuild Include="D:\AurigaGlobal\LiveWork\AurigaGlobal\SRC\Launcher\Render\CMakeLists.txt" />
  </ItemGroup>
  <ItemGroup>
    <Filter Include="Header Files">
      <UniqueIdentifier>{997E584A-6252-3F29-A1E1-D2CEBBC39C40}</UniqueIdentifier>
    </Filter>
    <Filter Include="Source Files">
      <UniqueIdentifier>{7C47B037-CBF3-320C-941D-71B3AFA5D9B8}</UniqueIdentifier>
    </Filter>
  </ItemGroup>
</Project>
